
Microsoft Visual Studio Solution File, Format Version 12.00
# Visual Studio Version 17
VisualStudioVersion = 17.12.35527.113
MinimumVisualStudioVersion = 10.0.40219.1
Project("{FAE04EC0-301F-11D3-BF4B-00C04F79EFBC}") = "LINQ01", "LINQ01\LINQ01.csproj", "{94ECC071-AC55-479D-87B3-7FBEB08803B0}"
EndProject
Project("{FAE04EC0-301F-11D3-BF4B-00C04F79EFBC}") = "Assignment", "Assignment\Assignment.csproj", "{444678DA-D121-4B94-A113-ED66D0150D4A}"
EndProject
Global
	GlobalSection(SolutionConfigurationPlatforms) = preSolution
		Debug|Any CPU = Debug|Any CPU
		Release|Any CPU = Release|Any CPU
	EndGlobalSection
	GlobalSection(ProjectConfigurationPlatforms) = postSolution
		{94ECC071-AC55-479D-87B3-7FBEB08803B0}.Debug|Any CPU.ActiveCfg = Debug|Any CPU
		{94ECC071-AC55-479D-87B3-7FBEB08803B0}.Debug|Any CPU.Build.0 = Debug|Any CPU
		{94ECC071-AC55-479D-87B3-7FBEB08803B0}.Release|Any CPU.ActiveCfg = Release|Any CPU
		{94ECC071-AC55-479D-87B3-7FBEB08803B0}.Release|Any CPU.Build.0 = Release|Any CPU
		{444678DA-D121-4B94-A113-ED66D0150D4A}.Debug|Any CPU.ActiveCfg = Debug|Any CPU
		{444678DA-D121-4B94-A113-ED66D0150D4A}.Debug|Any CPU.Build.0 = Debug|Any CPU
		{444678DA-D121-4B94-A113-ED66D0150D4A}.Release|Any CPU.ActiveCfg = Release|Any CPU
		{444678DA-D121-4B94-A113-ED66D0150D4A}.Release|Any CPU.Build.0 = Release|Any CPU
	EndGlobalSection
	GlobalSection(SolutionProperties) = preSolution
		HideSolutionNode = FALSE
	EndGlobalSection
EndGlobal
